{
  "nodes": {
    "nixpkgs": {
      "locked": {
        "lastModified": 1690148897,
        "narHash": "sha256-l/j/AX1d2K79EWslwgWR2+htkzCbtjKZsS5NbWXnhz4=",
        "owner": "NixOS",
        "repo": "nixpkgs",
        "rev": "ac1acba43b2f9db073943ff5ed883ce7e8a40a2c",
        "type": "github"
      },
      "original": {
        "owner": "NixOS",
        "ref": "nixos-23.05",
        "repo": "nixpkgs",
        "type": "github"
      }
    },
    "root": {
      "inputs": {
        "nixpkgs": "nixpkgs"
      }
    }
  },
  "root": "root",
  "version": 7
}
